// !$*UTF8*$!
{
	archiveVersion = 1;
	classes = {
	};
	objectVersion = 55;
	objects = {

/* Begin PBXBuildFile section */
		61277BEE28530B72005F54B1 /* MainNavigator.swift in Sources */ = {isa = PBXBuildFile; fileRef = 61277BED28530B72005F54B1 /* MainNavigator.swift */; };
		61277BF128530FF1005F54B1 /* HomeScreen.swift in Sources */ = {isa = PBXBuildFile; fileRef = 61277BF028530FF1005F54B1 /* HomeScreen.swift */; };
		61277BF32853101A005F54B1 /* AccountScreen.swift in Sources */ = {isa = PBXBuildFile; fileRef = 61277BF22853101A005F54B1 /* AccountScreen.swift */; };
		6145235D2855380B007CF49C /* ListType.swift in Sources */ = {isa = PBXBuildFile; fileRef = 6145235C2855380B007CF49C /* ListType.swift */; };
		6145235F28554116007CF49C /* GameListScreen.swift in Sources */ = {isa = PBXBuildFile; fileRef = 6145235E28554116007CF49C /* GameListScreen.swift */; };
		6145236128554304007CF49C /* MovieListScreen.swift in Sources */ = {isa = PBXBuildFile; fileRef = 6145236028554304007CF49C /* MovieListScreen.swift */; };
		614523642855A711007CF49C /* ListsDB.xcdatamodeld in Sources */ = {isa = PBXBuildFile; fileRef = 614523622855A711007CF49C /* ListsDB.xcdatamodeld */; };
		614523662855A93B007CF49C /* DataController.swift in Sources */ = {isa = PBXBuildFile; fileRef = 614523652855A93B007CF49C /* DataController.swift */; };
		614896B6284F1702009C2960 /* ListMakerApp.swift in Sources */ = {isa = PBXBuildFile; fileRef = 614896B5284F1702009C2960 /* ListMakerApp.swift */; };
		614896BA284F1705009C2960 /* Assets.xcassets in Resources */ = {isa = PBXBuildFile; fileRef = 614896B9284F1705009C2960 /* Assets.xcassets */; };
		614896BD284F1705009C2960 /* Preview Assets.xcassets in Resources */ = {isa = PBXBuildFile; fileRef = 614896BC284F1705009C2960 /* Preview Assets.xcassets */; };
		6181E57A28545AF30030B8FE /* NewListScreen.swift in Sources */ = {isa = PBXBuildFile; fileRef = 6181E57928545AF30030B8FE /* NewListScreen.swift */; };
		618EDDF62856FD130029C35E /* Authentication.swift in Sources */ = {isa = PBXBuildFile; fileRef = 618EDDF52856FD130029C35E /* Authentication.swift */; };
		618EDDFF28584E2C0029C35E /* AuthenticationRepository.swift in Sources */ = {isa = PBXBuildFile; fileRef = 618EDDFE28584E2C0029C35E /* AuthenticationRepository.swift */; };
		618EDE0128584F9B0029C35E /* AuthenticationService.swift in Sources */ = {isa = PBXBuildFile; fileRef = 618EDE0028584F9B0029C35E /* AuthenticationService.swift */; };
		61E36DB228599923008FDA54 /* GameListViewModel.swift in Sources */ = {isa = PBXBuildFile; fileRef = 61E36DB128599923008FDA54 /* GameListViewModel.swift */; };
		61E36DB628599CB6008FDA54 /* SplashScreen.swift in Sources */ = {isa = PBXBuildFile; fileRef = 61E36DB528599CB6008FDA54 /* SplashScreen.swift */; };
/* End PBXBuildFile section */

/* Begin PBXFileReference section */
		61277BED28530B72005F54B1 /* MainNavigator.swift */ = {isa = PBXFileReference; lastKnownFileType = sourcecode.swift; path = MainNavigator.swift; sourceTree = "<group>"; };
		61277BF028530FF1005F54B1 /* HomeScreen.swift */ = {isa = PBXFileReference; lastKnownFileType = sourcecode.swift; path = HomeScreen.swift; sourceTree = "<group>"; };
		61277BF22853101A005F54B1 /* AccountScreen.swift */ = {isa = PBXFileReference; lastKnownFileType = sourcecode.swift; path = AccountScreen.swift; sourceTree = "<group>"; };
		6145235C2855380B007CF49C /* ListType.swift */ = {isa = PBXFileReference; lastKnownFileType = sourcecode.swift; path = ListType.swift; sourceTree = "<group>"; };
		6145235E28554116007CF49C /* GameListScreen.swift */ = {isa = PBXFileReference; lastKnownFileType = sourcecode.swift; path = GameListScreen.swift; sourceTree = "<group>"; };
		6145236028554304007CF49C /* MovieListScreen.swift */ = {isa = PBXFileReference; lastKnownFileType = sourcecode.swift; path = MovieListScreen.swift; sourceTree = "<group>"; };
		614523632855A711007CF49C /* Lists.xcdatamodel */ = {isa = PBXFileReference; lastKnownFileType = wrapper.xcdatamodel; path = Lists.xcdatamodel; sourceTree = "<group>"; };
		614523652855A93B007CF49C /* DataController.swift */ = {isa = PBXFileReference; lastKnownFileType = sourcecode.swift; path = DataController.swift; sourceTree = "<group>"; };
		614896B2284F1702009C2960 /* ListMaker.app */ = {isa = PBXFileReference; explicitFileType = wrapper.application; includeInIndex = 0; path = ListMaker.app; sourceTree = BUILT_PRODUCTS_DIR; };
		614896B5284F1702009C2960 /* ListMakerApp.swift */ = {isa = PBXFileReference; lastKnownFileType = sourcecode.swift; path = ListMakerApp.swift; sourceTree = "<group>"; };
		614896B9284F1705009C2960 /* Assets.xcassets */ = {isa = PBXFileReference; lastKnownFileType = folder.assetcatalog; path = Assets.xcassets; sourceTree = "<group>"; };
		614896BC284F1705009C2960 /* Preview Assets.xcassets */ = {isa = PBXFileReference; lastKnownFileType = folder.assetcatalog; path = "Preview Assets.xcassets"; sourceTree = "<group>"; };
		6181E57928545AF30030B8FE /* NewListScreen.swift */ = {isa = PBXFileReference; lastKnownFileType = sourcecode.swift; path = NewListScreen.swift; sourceTree = "<group>"; };
		618EDDF52856FD130029C35E /* Authentication.swift */ = {isa = PBXFileReference; lastKnownFileType = sourcecode.swift; path = Authentication.swift; sourceTree = "<group>"; };
		618EDDFE28584E2C0029C35E /* AuthenticationRepository.swift */ = {isa = PBXFileReference; lastKnownFileType = sourcecode.swift; path = AuthenticationRepository.swift; sourceTree = "<group>"; };
		618EDE0028584F9B0029C35E /* AuthenticationService.swift */ = {isa = PBXFileReference; lastKnownFileType = sourcecode.swift; path = AuthenticationService.swift; sourceTree = "<group>"; };
		61E36DB128599923008FDA54 /* GameListViewModel.swift */ = {isa = PBXFileReference; lastKnownFileType = sourcecode.swift; path = GameListViewModel.swift; sourceTree = "<group>"; };
		61E36DB528599CB6008FDA54 /* SplashScreen.swift */ = {isa = PBXFileReference; lastKnownFileType = sourcecode.swift; path = SplashScreen.swift; sourceTree = "<group>"; };
/* End PBXFileReference section */

/* Begin PBXFrameworksBuildPhase section */
		614896AF284F1702009C2960 /* Frameworks */ = {
			isa = PBXFrameworksBuildPhase;
			buildActionMask = 2147483647;
			files = (
			);
			runOnlyForDeploymentPostprocessing = 0;
		};
/* End PBXFrameworksBuildPhase section */

/* Begin PBXGroup section */
		61277BEC28530B48005F54B1 /* Components */ = {
			isa = PBXGroup;
			children = (
				61277BED28530B72005F54B1 /* MainNavigator.swift */,
			);
			path = Components;
			sourceTree = "<group>";
		};
		61277BEF28530FE2005F54B1 /* Screens */ = {
			isa = PBXGroup;
			children = (
				61E36DB328599C9A008FDA54 /* Splash */,
				618EDE072858552F0029C35E /* Movie+List */,
				618EDE06285855260029C35E /* Game+List */,
				618EDE05285855140029C35E /* New+List */,
				618EDE04285855080029C35E /* Account */,
				618EDE03285854F70029C35E /* Home */,
			);
			path = Screens;
			sourceTree = "<group>";
		};
		6145235B285537F7007CF49C /* Models */ = {
			isa = PBXGroup;
			children = (
				618EDDF52856FD130029C35E /* Authentication.swift */,
				6145235C2855380B007CF49C /* ListType.swift */,
			);
			path = Models;
			sourceTree = "<group>";
		};
		614896A9284F1702009C2960 = {
			isa = PBXGroup;
			children = (
				614896B4284F1702009C2960 /* ListMaker */,
				614896B3284F1702009C2960 /* Products */,
			);
			sourceTree = "<group>";
		};
		614896B3284F1702009C2960 /* Products */ = {
			isa = PBXGroup;
			children = (
				614896B2284F1702009C2960 /* ListMaker.app */,
			);
			name = Products;
			sourceTree = "<group>";
		};
		614896B4284F1702009C2960 /* ListMaker */ = {
			isa = PBXGroup;
			children = (
				6145235B285537F7007CF49C /* Models */,
				618EDDFD28584E150029C35E /* Services */,
				618EDDFC28584DCE0029C35E /* Repositories */,
				61277BEF28530FE2005F54B1 /* Screens */,
				61277BEC28530B48005F54B1 /* Components */,
				614896B5284F1702009C2960 /* ListMakerApp.swift */,
				614523652855A93B007CF49C /* DataController.swift */,
				614523622855A711007CF49C /* ListsDB.xcdatamodeld */,
				614896B9284F1705009C2960 /* Assets.xcassets */,
				614896BB284F1705009C2960 /* Preview Content */,
			);
			path = ListMaker;
			sourceTree = "<group>";
		};
		614896BB284F1705009C2960 /* Preview Content */ = {
			isa = PBXGroup;
			children = (
				614896BC284F1705009C2960 /* Preview Assets.xcassets */,
			);
			path = "Preview Content";
			sourceTree = "<group>";
		};
		618EDDFC28584DCE0029C35E /* Repositories */ = {
			isa = PBXGroup;
			children = (
				618EDDFE28584E2C0029C35E /* AuthenticationRepository.swift */,
			);
			path = Repositories;
			sourceTree = "<group>";
		};
		618EDDFD28584E150029C35E /* Services */ = {
			isa = PBXGroup;
			children = (
				618EDE0028584F9B0029C35E /* AuthenticationService.swift */,
			);
			path = Services;
			sourceTree = "<group>";
		};
		618EDE03285854F70029C35E /* Home */ = {
			isa = PBXGroup;
			children = (
				61277BF028530FF1005F54B1 /* HomeScreen.swift */,
			);
			path = Home;
			sourceTree = "<group>";
		};
		618EDE04285855080029C35E /* Account */ = {
			isa = PBXGroup;
			children = (
				61277BF22853101A005F54B1 /* AccountScreen.swift */,
			);
			path = Account;
			sourceTree = "<group>";
		};
		618EDE05285855140029C35E /* New+List */ = {
			isa = PBXGroup;
			children = (
				6181E57928545AF30030B8FE /* NewListScreen.swift */,
			);
			path = "New+List";
			sourceTree = "<group>";
		};
		618EDE06285855260029C35E /* Game+List */ = {
			isa = PBXGroup;
			children = (
				6145235E28554116007CF49C /* GameListScreen.swift */,
				61E36DB128599923008FDA54 /* GameListViewModel.swift */,
			);
			path = "Game+List";
			sourceTree = "<group>";
		};
		618EDE072858552F0029C35E /* Movie+List */ = {
			isa = PBXGroup;
			children = (
				6145236028554304007CF49C /* MovieListScreen.swift */,
			);
			path = "Movie+List";
			sourceTree = "<group>";
		};
		61E36DB328599C9A008FDA54 /* Splash */ = {
			isa = PBXGroup;
			children = (
				61E36DB528599CB6008FDA54 /* SplashScreen.swift */,
			);
			path = Splash;
			sourceTree = "<group>";
		};
/* End PBXGroup section */

/* Begin PBXNativeTarget section */
		614896B1284F1702009C2960 /* ListMaker */ = {
			isa = PBXNativeTarget;
			buildConfigurationList = 614896C0284F1705009C2960 /* Build configuration list for PBXNativeTarget "ListMaker" */;
			buildPhases = (
				614896AE284F1702009C2960 /* Sources */,
				614896AF284F1702009C2960 /* Frameworks */,
				614896B0284F1702009C2960 /* Resources */,
			);
			buildRules = (
			);
			dependencies = (
			);
			name = ListMaker;
			productName = ListMaker;
			productReference = 614896B2284F1702009C2960 /* ListMaker.app */;
			productType = "com.apple.product-type.application";
		};
/* End PBXNativeTarget section */

/* Begin PBXProject section */
		614896AA284F1702009C2960 /* Project object */ = {
			isa = PBXProject;
			attributes = {
				BuildIndependentTargetsInParallel = 1;
				LastSwiftUpdateCheck = 1340;
				LastUpgradeCheck = 1340;
				TargetAttributes = {
					614896B1284F1702009C2960 = {
						CreatedOnToolsVersion = 13.4;
					};
				};
			};
			buildConfigurationList = 614896AD284F1702009C2960 /* Build configuration list for PBXProject "ListMaker" */;
			compatibilityVersion = "Xcode 13.0";
			developmentRegion = en;
			hasScannedForEncodings = 0;
			knownRegions = (
				en,
				Base,
			);
			mainGroup = 614896A9284F1702009C2960;
			productRefGroup = 614896B3284F1702009C2960 /* Products */;
			projectDirPath = "";
			projectRoot = "";
			targets = (
				614896B1284F1702009C2960 /* ListMaker */,
			);
		};
/* End PBXProject section */

/* Begin PBXResourcesBuildPhase section */
		614896B0284F1702009C2960 /* Resources */ = {
			isa = PBXResourcesBuildPhase;
			buildActionMask = 2147483647;
			files = (
				614896BD284F1705009C2960 /* Preview Assets.xcassets in Resources */,
				614896BA284F1705009C2960 /* Assets.xcassets in Resources */,
			);
			runOnlyForDeploymentPostprocessing = 0;
		};
/* End PBXResourcesBuildPhase section */

/* Begin PBXSourcesBuildPhase section */
		614896AE284F1702009C2960 /* Sources */ = {
			isa = PBXSourcesBuildPhase;
			buildActionMask = 2147483647;
			files = (
				6181E57A28545AF30030B8FE /* NewListScreen.swift in Sources */,
				61277BEE28530B72005F54B1 /* MainNavigator.swift in Sources */,
				614896B6284F1702009C2960 /* ListMakerApp.swift in Sources */,
				61277BF128530FF1005F54B1 /* HomeScreen.swift in Sources */,
				61E36DB228599923008FDA54 /* GameListViewModel.swift in Sources */,
				614523662855A93B007CF49C /* DataController.swift in Sources */,
				618EDDFF28584E2C0029C35E /* AuthenticationRepository.swift in Sources */,
				61E36DB628599CB6008FDA54 /* SplashScreen.swift in Sources */,
				6145236128554304007CF49C /* MovieListScreen.swift in Sources */,
				6145235F28554116007CF49C /* GameListScreen.swift in Sources */,
				618EDDF62856FD130029C35E /* Authentication.swift in Sources */,
				614523642855A711007CF49C /* ListsDB.xcdatamodeld in Sources */,
				61277BF32853101A005F54B1 /* AccountScreen.swift in Sources */,
				6145235D2855380B007CF49C /* ListType.swift in Sources */,
				618EDE0128584F9B0029C35E /* AuthenticationService.swift in Sources */,
			);
			runOnlyForDeploymentPostprocessing = 0;
		};
/* End PBXSourcesBuildPhase section */

/* Begin XCBuildConfiguration section */
		614896BE284F1705009C2960 /* Debug */ = {
			isa = XCBuildConfiguration;
			buildSettings = {
				ALWAYS_SEARCH_USER_PATHS = NO;
				CLANG_ANALYZER_NONNULL = YES;
				CLANG_ANALYZER_NUMBER_OBJECT_CONVERSION = YES_AGGRESSIVE;
				CLANG_CXX_LANGUAGE_STANDARD = "gnu++17";
				CLANG_ENABLE_MODULES = YES;
				CLANG_ENABLE_OBJC_ARC = YES;
				CLANG_ENABLE_OBJC_WEAK = YES;
				CLANG_WARN_BLOCK_CAPTURE_AUTORELEASING = YES;
				CLANG_WARN_BOOL_CONVERSION = YES;
				CLANG_WARN_COMMA = YES;
				CLANG_WARN_CONSTANT_CONVERSION = YES;
				CLANG_WARN_DEPRECATED_OBJC_IMPLEMENTATIONS = YES;
				CLANG_WARN_DIRECT_OBJC_ISA_USAGE = YES_ERROR;
				CLANG_WARN_DOCUMENTATION_COMMENTS = YES;
				CLANG_WARN_EMPTY_BODY = YES;
				CLANG_WARN_ENUM_CONVERSION = YES;
				CLANG_WARN_INFINITE_RECURSION = YES;
				CLANG_WARN_INT_CONVERSION = YES;
				CLANG_WARN_NON_LITERAL_NULL_CONVERSION = YES;
				CLANG_WARN_OBJC_IMPLICIT_RETAIN_SELF = YES;
				CLANG_WARN_OBJC_LITERAL_CONVERSION = YES;
				CLANG_WARN_OBJC_ROOT_CLASS = YES_ERROR;
				CLANG_WARN_QUOTED_INCLUDE_IN_FRAMEWORK_HEADER = YES;
				CLANG_WARN_RANGE_LOOP_ANALYSIS = YES;
				CLANG_WARN_STRICT_PROTOTYPES = YES;
				CLANG_WARN_SUSPICIOUS_MOVE = YES;
				CLANG_WARN_UNGUARDED_AVAILABILITY = YES_AGGRESSIVE;
				CLANG_WARN_UNREACHABLE_CODE = YES;
				CLANG_WARN__DUPLICATE_METHOD_MATCH = YES;
				COPY_PHASE_STRIP = NO;
				DEBUG_INFORMATION_FORMAT = dwarf;
				ENABLE_STRICT_OBJC_MSGSEND = YES;
				ENABLE_TESTABILITY = YES;
				GCC_C_LANGUAGE_STANDARD = gnu11;
				GCC_DYNAMIC_NO_PIC = NO;
				GCC_NO_COMMON_BLOCKS = YES;
				GCC_OPTIMIZATION_LEVEL = 0;
				GCC_PREPROCESSOR_DEFINITIONS = (
					"DEBUG=1",
					"$(inherited)",
				);
				GCC_WARN_64_TO_32_BIT_CONVERSION = YES;
				GCC_WARN_ABOUT_RETURN_TYPE = YES_ERROR;
				GCC_WARN_UNDECLARED_SELECTOR = YES;
				GCC_WARN_UNINITIALIZED_AUTOS = YES_AGGRESSIVE;
				GCC_WARN_UNUSED_FUNCTION = YES;
				GCC_WARN_UNUSED_VARIABLE = YES;
				IPHONEOS_DEPLOYMENT_TARGET = 15.5;
				MTL_ENABLE_DEBUG_INFO = INCLUDE_SOURCE;
				MTL_FAST_MATH = YES;
				ONLY_ACTIVE_ARCH = YES;
				SDKROOT = iphoneos;
				SWIFT_ACTIVE_COMPILATION_CONDITIONS = DEBUG;
				SWIFT_OPTIMIZATION_LEVEL = "-Onone";
			};
			name = Debug;
		};
		614896BF284F1705009C2960 /* Release */ = {
			isa = XCBuildConfiguration;
			buildSettings = {
				ALWAYS_SEARCH_USER_PATHS = NO;
				CLANG_ANALYZER_NONNULL = YES;
				CLANG_ANALYZER_NUMBER_OBJECT_CONVERSION = YES_AGGRESSIVE;
				CLANG_CXX_LANGUAGE_STANDARD = "gnu++17";
				CLANG_ENABLE_MODULES = YES;
				CLANG_ENABLE_OBJC_ARC = YES;
				CLANG_ENABLE_OBJC_WEAK = YES;
				CLANG_WARN_BLOCK_CAPTURE_AUTORELEASING = YES;
				CLANG_WARN_BOOL_CONVERSION = YES;
				CLANG_WARN_COMMA = YES;
				CLANG_WARN_CONSTANT_CONVERSION = YES;
				CLANG_WARN_DEPRECATED_OBJC_IMPLEMENTATIONS = YES;
				CLANG_WARN_DIRECT_OBJC_ISA_USAGE = YES_ERROR;
				CLANG_WARN_DOCUMENTATION_COMMENTS = YES;
				CLANG_WARN_EMPTY_BODY = YES;
				CLANG_WARN_ENUM_CONVERSION = YES;
				CLANG_WARN_INFINITE_RECURSION = YES;
				CLANG_WARN_INT_CONVERSION = YES;
				CLANG_WARN_NON_LITERAL_NULL_CONVERSION = YES;
				CLANG_WARN_OBJC_IMPLICIT_RETAIN_SELF = YES;
				CLANG_WARN_OBJC_LITERAL_CONVERSION = YES;
				CLANG_WARN_OBJC_ROOT_CLASS = YES_ERROR;
				CLANG_WARN_QUOTED_INCLUDE_IN_FRAMEWORK_HEADER = YES;
				CLANG_WARN_RANGE_LOOP_ANALYSIS = YES;
				CLANG_WARN_STRICT_PROTOTYPES = YES;
				CLANG_WARN_SUSPICIOUS_MOVE = YES;
				CLANG_WARN_UNGUARDED_AVAILABILITY = YES_AGGRESSIVE;
				CLANG_WARN_UNREACHABLE_CODE = YES;
				CLANG_WARN__DUPLICATE_METHOD_MATCH = YES;
				COPY_PHASE_STRIP = NO;
				DEBUG_INFORMATION_FORMAT = "dwarf-with-dsym";
				ENABLE_NS_ASSERTIONS = NO;
				ENABLE_STRICT_OBJC_MSGSEND = YES;
				GCC_C_LANGUAGE_STANDARD = gnu11;
				GCC_NO_COMMON_BLOCKS = YES;
				GCC_WARN_64_TO_32_BIT_CONVERSION = YES;
				GCC_WARN_ABOUT_RETURN_TYPE = YES_ERROR;
				GCC_WARN_UNDECLARED_SELECTOR = YES;
				GCC_WARN_UNINITIALIZED_AUTOS = YES_AGGRESSIVE;
				GCC_WARN_UNUSED_FUNCTION = YES;
				GCC_WARN_UNUSED_VARIABLE = YES;
				IPHONEOS_DEPLOYMENT_TARGET = 15.5;
				MTL_ENABLE_DEBUG_INFO = NO;
				MTL_FAST_MATH = YES;
				SDKROOT = iphoneos;
				SWIFT_COMPILATION_MODE = wholemodule;
				SWIFT_OPTIMIZATION_LEVEL = "-O";
				VALIDATE_PRODUCT = YES;
			};
			name = Release;
		};
		614896C1284F1705009C2960 /* Debug */ = {
			isa = XCBuildConfiguration;
			buildSettings = {
				ASSETCATALOG_COMPILER_APPICON_NAME = AppIcon;
				ASSETCATALOG_COMPILER_GLOBAL_ACCENT_COLOR_NAME = AccentColor;
				CODE_SIGN_STYLE = Automatic;
				CURRENT_PROJECT_VERSION = 1;
				DEVELOPMENT_ASSET_PATHS = "\"ListMaker/Preview Content\"";
				DEVELOPMENT_TEAM = WSQY55G4Z6;
				ENABLE_PREVIEWS = YES;
				GENERATE_INFOPLIST_FILE = YES;
				INFOPLIST_KEY_UIApplicationSceneManifest_Generation = YES;
				INFOPLIST_KEY_UIApplicationSupportsIndirectInputEvents = YES;
				INFOPLIST_KEY_UILaunchScreen_Generation = YES;
				INFOPLIST_KEY_UISupportedInterfaceOrientations = UIInterfaceOrientationPortrait;
				INFOPLIST_KEY_UISupportedInterfaceOrientations_iPad = "UIInterfaceOrientationPortrait UIInterfaceOrientationPortraitUpsideDown UIInterfaceOrientationLandscapeLeft UIInterfaceOrientationLandscapeRight";
				INFOPLIST_KEY_UISupportedInterfaceOrientations_iPhone = "UIInterfaceOrientationPortrait UIInterfaceOrientationLandscapeLeft UIInterfaceOrientationLandscapeRight";
				LD_RUNPATH_SEARCH_PATHS = (
					"$(inherited)",
					"@executable_path/Frameworks",
				);
				MARKETING_VERSION = 1.0;
				PRODUCT_BUNDLE_IDENTIFIER = com.adewan.ListMaker;
				PRODUCT_NAME = "$(TARGET_NAME)";
				SWIFT_EMIT_LOC_STRINGS = YES;
				SWIFT_VERSION = 5.0;
				TARGETED_DEVICE_FAMILY = "1,2";
			};
			name = Debug;
		};
		614896C2284F1705009C2960 /* Release */ = {
			isa = XCBuildConfiguration;
			buildSettings = {
				ASSETCATALOG_COMPILER_APPICON_NAME = AppIcon;
				ASSETCATALOG_COMPILER_GLOBAL_ACCENT_COLOR_NAME = AccentColor;
				CODE_SIGN_STYLE = Automatic;
				CURRENT_PROJECT_VERSION = 1;
				DEVELOPMENT_ASSET_PATHS = "\"ListMaker/Preview Content\"";
				DEVELOPMENT_TEAM = WSQY55G4Z6;
				ENABLE_PREVIEWS = YES;
				GENERATE_INFOPLIST_FILE = YES;
				INFOPLIST_KEY_UIApplicationSceneManifest_Generation = YES;
				INFOPLIST_KEY_UIApplicationSupportsIndirectInputEvents = YES;
				INFOPLIST_KEY_UILaunchScreen_Generation = YES;
				INFOPLIST_KEY_UISupportedInterfaceOrientations = UIInterfaceOrientationPortrait;
				INFOPLIST_KEY_UISupportedInterfaceOrientations_iPad = "UIInterfaceOrientationPortrait UIInterfaceOrientationPortraitUpsideDown UIInterfaceOrientationLandscapeLeft UIInterfaceOrientationLandscapeRight";
				INFOPLIST_KEY_UISupportedInterfaceOrientations_iPhone = "UIInterfaceOrientationPortrait UIInterfaceOrientationLandscapeLeft UIInterfaceOrientationLandscapeRight";
				LD_RUNPATH_SEARCH_PATHS = (
					"$(inherited)",
					"@executable_path/Frameworks",
				);
				MARKETING_VERSION = 1.0;
				PRODUCT_BUNDLE_IDENTIFIER = com.adewan.ListMaker;
				PRODUCT_NAME = "$(TARGET_NAME)";
				SWIFT_EMIT_LOC_STRINGS = YES;
				SWIFT_VERSION = 5.0;
				TARGETED_DEVICE_FAMILY = "1,2";
			};
			name = Release;
		};
/* End XCBuildConfiguration section */

/* Begin XCConfigurationList section */
		614896AD284F1702009C2960 /* Build configuration list for PBXProject "ListMaker" */ = {
			isa = XCConfigurationList;
			buildConfigurations = (
				614896BE284F1705009C2960 /* Debug */,
				614896BF284F1705009C2960 /* Release */,
			);
			defaultConfigurationIsVisible = 0;
			defaultConfigurationName = Release;
		};
		614896C0284F1705009C2960 /* Build configuration list for PBXNativeTarget "ListMaker" */ = {
			isa = XCConfigurationList;
			buildConfigurations = (
				614896C1284F1705009C2960 /* Debug */,
				614896C2284F1705009C2960 /* Release */,
			);
			defaultConfigurationIsVisible = 0;
			defaultConfigurationName = Release;
		};
/* End XCConfigurationList section */

/* Begin XCVersionGroup section */
		614523622855A711007CF49C /* ListsDB.xcdatamodeld */ = {
			isa = XCVersionGroup;
			children = (
				614523632855A711007CF49C /* Lists.xcdatamodel */,
			);
			currentVersion = 614523632855A711007CF49C /* Lists.xcdatamodel */;
			path = ListsDB.xcdatamodeld;
			sourceTree = "<group>";
			versionGroupType = wrapper.xcdatamodel;
		};
/* End XCVersionGroup section */
	};
	rootObject = 614896AA284F1702009C2960 /* Project object */;
}
